
Microsoft Visual Studio Solution File, Format Version 12.00
# Visual Studio Version 17
VisualStudioVersion = 17.8.34408.163
MinimumVisualStudioVersion = 10.0.40219.1
Project("{9A19103F-16F7-4668-BE54-9A1E7A4F7556}") = "ThreadExample", "ThreadExample\ThreadExample.csproj", "{2D0FB6BE-F0CF-4E33-9A9D-A58A631FF674}"
EndProject
Project("{9A19103F-16F7-4668-BE54-9A1E7A4F7556}") = "EventExample", "EventExample\EventExample.csproj", "{5D73AD47-EA66-414D-8EFA-833294B40E30}"
EndProject
Project("{9A19103F-16F7-4668-BE54-9A1E7A4F7556}") = "WaitPulseExample", "WaitPulseExample\WaitPulseExample.csproj", "{DAA03317-9312-4E83-A773-9CF1D4B2D226}"
EndProject
Project("{FAE04EC0-301F-11D3-BF4B-00C04F79EFBC}") = "ConcurrentCollectionExample", "ConcurrentCollectionExample\ConcurrentCollectionExample.csproj", "{E2A5C6E8-66BE-407B-A6E4-79899CFCC70B}"
EndProject
Project("{FAE04EC0-301F-11D3-BF4B-00C04F79EFBC}") = "CSVExample", "CSVExample\CSVExample.csproj", "{7A1BD1CF-9316-41D5-8D2E-4D8797DA8C42}"
EndProject
Global
	GlobalSection(SolutionConfigurationPlatforms) = preSolution
		Debug|Any CPU = Debug|Any CPU
		Release|Any CPU = Release|Any CPU
	EndGlobalSection
	GlobalSection(ProjectConfigurationPlatforms) = postSolution
		{2D0FB6BE-F0CF-4E33-9A9D-A58A631FF674}.Debug|Any CPU.ActiveCfg = Debug|Any CPU
		{2D0FB6BE-F0CF-4E33-9A9D-A58A631FF674}.Debug|Any CPU.Build.0 = Debug|Any CPU
		{2D0FB6BE-F0CF-4E33-9A9D-A58A631FF674}.Release|Any CPU.ActiveCfg = Release|Any CPU
		{2D0FB6BE-F0CF-4E33-9A9D-A58A631FF674}.Release|Any CPU.Build.0 = Release|Any CPU
		{5D73AD47-EA66-414D-8EFA-833294B40E30}.Debug|Any CPU.ActiveCfg = Debug|Any CPU
		{5D73AD47-EA66-414D-8EFA-833294B40E30}.Debug|Any CPU.Build.0 = Debug|Any CPU
		{5D73AD47-EA66-414D-8EFA-833294B40E30}.Release|Any CPU.ActiveCfg = Release|Any CPU
		{5D73AD47-EA66-414D-8EFA-833294B40E30}.Release|Any CPU.Build.0 = Release|Any CPU
		{DAA03317-9312-4E83-A773-9CF1D4B2D226}.Debug|Any CPU.ActiveCfg = Debug|Any CPU
		{DAA03317-9312-4E83-A773-9CF1D4B2D226}.Debug|Any CPU.Build.0 = Debug|Any CPU
		{DAA03317-9312-4E83-A773-9CF1D4B2D226}.Release|Any CPU.ActiveCfg = Release|Any CPU
		{DAA03317-9312-4E83-A773-9CF1D4B2D226}.Release|Any CPU.Build.0 = Release|Any CPU
		{E2A5C6E8-66BE-407B-A6E4-79899CFCC70B}.Debug|Any CPU.ActiveCfg = Debug|Any CPU
		{E2A5C6E8-66BE-407B-A6E4-79899CFCC70B}.Debug|Any CPU.Build.0 = Debug|Any CPU
		{E2A5C6E8-66BE-407B-A6E4-79899CFCC70B}.Release|Any CPU.ActiveCfg = Release|Any CPU
		{E2A5C6E8-66BE-407B-A6E4-79899CFCC70B}.Release|Any CPU.Build.0 = Release|Any CPU
		{7A1BD1CF-9316-41D5-8D2E-4D8797DA8C42}.Debug|Any CPU.ActiveCfg = Debug|Any CPU
		{7A1BD1CF-9316-41D5-8D2E-4D8797DA8C42}.Debug|Any CPU.Build.0 = Debug|Any CPU
		{7A1BD1CF-9316-41D5-8D2E-4D8797DA8C42}.Release|Any CPU.ActiveCfg = Release|Any CPU
		{7A1BD1CF-9316-41D5-8D2E-4D8797DA8C42}.Release|Any CPU.Build.0 = Release|Any CPU
	EndGlobalSection
	GlobalSection(SolutionProperties) = preSolution
		HideSolutionNode = FALSE
	EndGlobalSection
	GlobalSection(ExtensibilityGlobals) = postSolution
		SolutionGuid = {C9643291-813B-4C77-8832-0506FE026C0C}
	EndGlobalSection
EndGlobal
